
Microsoft Visual Studio Solution File, Format Version 12.00
# Visual Studio 2013
VisualStudioVersion = 12.0.21005.1
MinimumVisualStudioVersion = 10.0.40219.1
Project("{FAE04EC0-301F-11D3-BF4B-00C04F79EFBC}") = "NetworkEx1", "NetworkEx1\NetworkEx1.csproj", "{EF850DEB-5A75-4B1B-9813-6D3BAE096118}"
EndProject
Global
	GlobalSection(SolutionConfigurationPlatforms) = preSolution
		Debug|Any CPU = Debug|Any CPU
		Release|Any CPU = Release|Any CPU
	EndGlobalSection
	GlobalSection(ProjectConfigurationPlatforms) = postSolution
		{EF850DEB-5A75-4B1B-9813-6D3BAE096118}.Debug|Any CPU.ActiveCfg = Debug|Any CPU
		{EF850DEB-5A75-4B1B-9813-6D3BAE096118}.Debug|Any CPU.Build.0 = Debug|Any CPU
		{EF850DEB-5A75-4B1B-9813-6D3BAE096118}.Release|Any CPU.ActiveCfg = Release|Any CPU
		{EF850DEB-5A75-4B1B-9813-6D3BAE096118}.Release|Any CPU.Build.0 = Release|Any CPU
	EndGlobalSection
	GlobalSection(SolutionProperties) = preSolution
		HideSolutionNode = FALSE
	EndGlobalSection
EndGlobal
